// !$*UTF8*$!
{
	archiveVersion = 1;
	classes = {
	};
	objectVersion = 56;
	objects = {

/* Begin PBXBuildFile section */
		000000000000000000000101 /* AppDelegate.swift in Sources */ = {isa = PBXBuildFile; fileRef = 000000000000000000000201 /* AppDelegate.swift */; };
		000000000000000000000102 /* Base.lproj/MainMenu.xib in Resources */ = {isa = PBXBuildFile; fileRef = 000000000000000000000202 /* Base.lproj/MainMenu.xib */; };
		000000000000000000000103 /* en.lproj/Credits.rtf in Resources */ = {isa = PBXBuildFile; fileRef = 000000000000000000000203 /* en.lproj/Credits.rtf */; };
		000000000000000000000104 /* en.lproj/InfoPlist.strings in Resources */ = {isa = PBXBuildFile; fileRef = 000000000000000000000204 /* en.lproj/InfoPlist.strings */; };
		000000000000000000000105 /* Cocoa.framework in Frameworks */ = {isa = PBXBuildFile; fileRef = 000000000000000000000205 /* Cocoa.framework */; };
		000000000000000000000106 /* StabilizerFxPlug XPC Service.pluginkit in PlugIns */ = {isa = PBXBuildFile; fileRef = 000000000000000000000301 /* StabilizerFxPlug XPC Service.pluginkit */; settings = {ATTRIBUTES = (CodeSignOnCopy, RemoveHeadersOnCopy, ); }; };
		000000000000000000000111 /* StabilizerFxPlug.swift in Sources */ = {isa = PBXBuildFile; fileRef = 000000000000000000000211 /* StabilizerFxPlug.swift */; };
		000000000000000000000112 /* MetalDeviceCache.swift in Sources */ = {isa = PBXBuildFile; fileRef = 000000000000000000000212 /* MetalDeviceCache.swift */; };
		000000000000000000000113 /* main.swift in Sources */ = {isa = PBXBuildFile; fileRef = 000000000000000000000213 /* main.swift */; };
		000000000000000000000114 /* StabilizerTransform.metal in Sources */ = {isa = PBXBuildFile; fileRef = 000000000000000000000214 /* StabilizerTransform.metal */; };
		000000000000000000000115 /* en.lproj/Localizable.strings in Resources */ = {isa = PBXBuildFile; fileRef = 000000000000000000000215 /* en.lproj/Localizable.strings */; };
		000000000000000000000116 /* en.lproj/InfoPlist.strings in Resources */ = {isa = PBXBuildFile; fileRef = 000000000000000000000216 /* en.lproj/InfoPlist.strings */; };
		000000000000000000000117 /* Foundation.framework in Frameworks */ = {isa = PBXBuildFile; fileRef = 000000000000000000000217 /* Foundation.framework */; };
		000000000000000000000118 /* AppKit.framework in Frameworks */ = {isa = PBXBuildFile; fileRef = 000000000000000000000218 /* AppKit.framework */; };
		000000000000000000000119 /* Accelerate.framework in Frameworks */ = {isa = PBXBuildFile; fileRef = 000000000000000000000219 /* Accelerate.framework */; };
		00000000000000000000011A /* FxPlug.framework in Frameworks */ = {isa = PBXBuildFile; fileRef = 00000000000000000000021A /* FxPlug.framework */; };
		00000000000000000000011B /* PluginManager.framework in Frameworks */ = {isa = PBXBuildFile; fileRef = 00000000000000000000021B /* PluginManager.framework */; };
		00000000000000000000011C /* AutoStabilizationEstimator.swift in Sources */ = {isa = PBXBuildFile; fileRef = 00000000000000000000021F /* AutoStabilizationEstimator.swift */; };
/* End PBXBuildFile section */

/* Begin PBXContainerItemProxy section */
		000000000000000000000401 /* PBXContainerItemProxy */ = {
			isa = PBXContainerItemProxy;
			containerPortal = 000000000000000000000001 /* Project object */;
			proxyType = 1;
			remoteGlobalIDString = 000000000000000000000012;
			remoteInfo = "StabilizerFxPlug XPC Service";
		};
/* End PBXContainerItemProxy section */

/* Begin PBXCopyFilesBuildPhase section */
		000000000000000000000501 /* PlugIns */ = {
			isa = PBXCopyFilesBuildPhase;
			buildActionMask = 2147483647;
			dstPath = "";
			dstSubfolderSpec = 13;
			files = (
				000000000000000000000106 /* StabilizerFxPlug XPC Service.pluginkit in PlugIns */,
			);
			name = PlugIns;
			runOnlyForDeploymentPostprocessing = 0;
		};
/* End PBXCopyFilesBuildPhase section */

/* Begin PBXFileReference section */
		000000000000000000000201 /* AppDelegate.swift */ = {isa = PBXFileReference; lastKnownFileType = sourcecode.swift; path = AppDelegate.swift; sourceTree = "<group>"; };
		000000000000000000000202 /* Base.lproj/MainMenu.xib */ = {isa = PBXFileReference; lastKnownFileType = file.xib; path = Base.lproj/MainMenu.xib; sourceTree = "<group>"; };
		000000000000000000000203 /* en.lproj/Credits.rtf */ = {isa = PBXFileReference; lastKnownFileType = text.rtf; path = en.lproj/Credits.rtf; sourceTree = "<group>"; };
		000000000000000000000204 /* en.lproj/InfoPlist.strings */ = {isa = PBXFileReference; lastKnownFileType = text.plist.strings; path = en.lproj/InfoPlist.strings; sourceTree = "<group>"; };
		000000000000000000000205 /* Cocoa.framework */ = {isa = PBXFileReference; lastKnownFileType = wrapper.framework; name = Cocoa.framework; path = System/Library/Frameworks/Cocoa.framework; sourceTree = SDKROOT; };
		000000000000000000000206 /* Info.plist */ = {isa = PBXFileReference; lastKnownFileType = text.plist.xml; path = Info.plist; sourceTree = "<group>"; };
		000000000000000000000207 /* SandboxEntitlements.entitlements */ = {isa = PBXFileReference; lastKnownFileType = text.plist.entitlements; path = SandboxEntitlements.entitlements; sourceTree = "<group>"; };
		000000000000000000000208 /* Wrapper Application-Bridging-Header.h */ = {isa = PBXFileReference; lastKnownFileType = sourcecode.c.h; path = "Wrapper Application-Bridging-Header.h"; sourceTree = "<group>"; };
		000000000000000000000209 /* version.plist */ = {isa = PBXFileReference; lastKnownFileType = text.plist.xml; path = version.plist; sourceTree = "<group>"; };
		000000000000000000000211 /* StabilizerFxPlug.swift */ = {isa = PBXFileReference; lastKnownFileType = sourcecode.swift; path = StabilizerFxPlug.swift; sourceTree = "<group>"; };
		000000000000000000000212 /* MetalDeviceCache.swift */ = {isa = PBXFileReference; lastKnownFileType = sourcecode.swift; path = MetalDeviceCache.swift; sourceTree = "<group>"; };
		000000000000000000000213 /* main.swift */ = {isa = PBXFileReference; lastKnownFileType = sourcecode.swift; path = main.swift; sourceTree = "<group>"; };
		000000000000000000000214 /* StabilizerTransform.metal */ = {isa = PBXFileReference; lastKnownFileType = sourcecode.metal; path = StabilizerTransform.metal; sourceTree = "<group>"; };
		000000000000000000000215 /* en.lproj/Localizable.strings */ = {isa = PBXFileReference; lastKnownFileType = text.plist.strings; path = en.lproj/Localizable.strings; sourceTree = "<group>"; };
		000000000000000000000216 /* en.lproj/InfoPlist.strings */ = {isa = PBXFileReference; lastKnownFileType = text.plist.strings; path = en.lproj/InfoPlist.strings; sourceTree = "<group>"; };
		000000000000000000000217 /* Foundation.framework */ = {isa = PBXFileReference; lastKnownFileType = wrapper.framework; name = Foundation.framework; path = System/Library/Frameworks/Foundation.framework; sourceTree = SDKROOT; };
		000000000000000000000218 /* AppKit.framework */ = {isa = PBXFileReference; lastKnownFileType = wrapper.framework; name = AppKit.framework; path = System/Library/Frameworks/AppKit.framework; sourceTree = SDKROOT; };
		000000000000000000000219 /* Accelerate.framework */ = {isa = PBXFileReference; lastKnownFileType = wrapper.framework; name = Accelerate.framework; path = System/Library/Frameworks/Accelerate.framework; sourceTree = SDKROOT; };
		00000000000000000000021A /* FxPlug.framework */ = {isa = PBXFileReference; lastKnownFileType = wrapper.framework; name = FxPlug.framework; path = /Library/Developer/Frameworks/FxPlug.framework; sourceTree = "<absolute>"; };
		00000000000000000000021B /* PluginManager.framework */ = {isa = PBXFileReference; lastKnownFileType = wrapper.framework; name = PluginManager.framework; path = /Library/Developer/Frameworks/PluginManager.framework; sourceTree = "<absolute>"; };
		00000000000000000000021C /* StabilizerShaderTypes.h */ = {isa = PBXFileReference; lastKnownFileType = sourcecode.c.h; path = StabilizerShaderTypes.h; sourceTree = "<group>"; };
		00000000000000000000021D /* XPC Service-Bridging-Header.h */ = {isa = PBXFileReference; lastKnownFileType = sourcecode.c.h; path = "XPC Service-Bridging-Header.h"; sourceTree = "<group>"; };
		00000000000000000000021E /* Info.plist */ = {isa = PBXFileReference; lastKnownFileType = text.plist.xml; path = Info.plist; sourceTree = "<group>"; };
		00000000000000000000021F /* AutoStabilizationEstimator.swift */ = {isa = PBXFileReference; lastKnownFileType = sourcecode.swift; path = AutoStabilizationEstimator.swift; sourceTree = "<group>"; };
		000000000000000000000300 /* StabilizerFxPlug.app */ = {isa = PBXFileReference; explicitFileType = wrapper.application; includeInIndex = 0; path = StabilizerFxPlug.app; sourceTree = BUILT_PRODUCTS_DIR; };
		000000000000000000000301 /* StabilizerFxPlug XPC Service.pluginkit */ = {isa = PBXFileReference; explicitFileType = wrapper.cfbundle; includeInIndex = 0; path = "StabilizerFxPlug XPC Service.pluginkit"; sourceTree = BUILT_PRODUCTS_DIR; };
/* End PBXFileReference section */

/* Begin PBXFrameworksBuildPhase section */
		000000000000000000000601 /* Frameworks */ = {
			isa = PBXFrameworksBuildPhase;
			buildActionMask = 2147483647;
			files = (
				000000000000000000000105 /* Cocoa.framework in Frameworks */,
			);
			runOnlyForDeploymentPostprocessing = 0;
		};
		000000000000000000000602 /* Frameworks */ = {
			isa = PBXFrameworksBuildPhase;
			buildActionMask = 2147483647;
			files = (
				000000000000000000000117 /* Foundation.framework in Frameworks */,
				000000000000000000000118 /* AppKit.framework in Frameworks */,
				000000000000000000000119 /* Accelerate.framework in Frameworks */,
				00000000000000000000011A /* FxPlug.framework in Frameworks */,
				00000000000000000000011B /* PluginManager.framework in Frameworks */,
			);
			runOnlyForDeploymentPostprocessing = 0;
		};
/* End PBXFrameworksBuildPhase section */

/* Begin PBXGroup section */
		000000000000000000000700 = {
			isa = PBXGroup;
			children = (
				000000000000000000000701 /* Plugin */,
				000000000000000000000702 /* WrapperApp */,
				000000000000000000000703 /* Frameworks */,
				000000000000000000000704 /* Products */,
			);
			sourceTree = "<group>";
		};
		000000000000000000000701 /* Plugin */ = {
			isa = PBXGroup;
			children = (
				000000000000000000000211 /* StabilizerFxPlug.swift */,
				00000000000000000000021F /* AutoStabilizationEstimator.swift */,
				000000000000000000000212 /* MetalDeviceCache.swift */,
				000000000000000000000213 /* main.swift */,
				000000000000000000000214 /* StabilizerTransform.metal */,
				00000000000000000000021C /* StabilizerShaderTypes.h */,
				00000000000000000000021D /* XPC Service-Bridging-Header.h */,
				00000000000000000000021E /* Info.plist */,
				000000000000000000000215 /* en.lproj/Localizable.strings */,
				000000000000000000000216 /* en.lproj/InfoPlist.strings */,
			);
			path = Plugin;
			sourceTree = "<group>";
		};
		000000000000000000000702 /* WrapperApp */ = {
			isa = PBXGroup;
			children = (
				000000000000000000000201 /* AppDelegate.swift */,
				000000000000000000000202 /* Base.lproj/MainMenu.xib */,
				000000000000000000000203 /* en.lproj/Credits.rtf */,
				000000000000000000000204 /* en.lproj/InfoPlist.strings */,
				000000000000000000000206 /* Info.plist */,
				000000000000000000000207 /* SandboxEntitlements.entitlements */,
				000000000000000000000208 /* Wrapper Application-Bridging-Header.h */,
				000000000000000000000209 /* version.plist */,
			);
			path = WrapperApp;
			sourceTree = "<group>";
		};
		000000000000000000000703 /* Frameworks */ = {
			isa = PBXGroup;
			children = (
				000000000000000000000205 /* Cocoa.framework */,
				000000000000000000000217 /* Foundation.framework */,
				000000000000000000000218 /* AppKit.framework */,
				000000000000000000000219 /* Accelerate.framework */,
				00000000000000000000021A /* FxPlug.framework */,
				00000000000000000000021B /* PluginManager.framework */,
			);
			name = Frameworks;
			sourceTree = "<group>";
		};
		000000000000000000000704 /* Products */ = {
			isa = PBXGroup;
			children = (
				000000000000000000000300 /* StabilizerFxPlug.app */,
				000000000000000000000301 /* StabilizerFxPlug XPC Service.pluginkit */,
			);
			name = Products;
			sourceTree = "<group>";
		};
/* End PBXGroup section */

/* Begin PBXNativeTarget section */
		000000000000000000000011 /* StabilizerFxPlug */ = {
			isa = PBXNativeTarget;
			buildConfigurationList = 000000000000000000000901 /* Build configuration list for PBXNativeTarget "StabilizerFxPlug" */;
			buildPhases = (
				000000000000000000000801 /* Sources */,
				000000000000000000000601 /* Frameworks */,
				000000000000000000000802 /* Resources */,
				000000000000000000000501 /* PlugIns */,
			);
			buildRules = (
			);
			dependencies = (
				000000000000000000000402 /* PBXTargetDependency */,
			);
			name = StabilizerFxPlug;
			productName = StabilizerFxPlug;
			productReference = 000000000000000000000300 /* StabilizerFxPlug.app */;
			productType = "com.apple.product-type.application";
		};
		000000000000000000000012 /* StabilizerFxPlug XPC Service */ = {
			isa = PBXNativeTarget;
			buildConfigurationList = 000000000000000000000902 /* Build configuration list for PBXNativeTarget "StabilizerFxPlug XPC Service" */;
			buildPhases = (
				000000000000000000000803 /* Sources */,
				000000000000000000000602 /* Frameworks */,
				000000000000000000000804 /* Resources */,
				000000000000000000000805 /* Copy and Code Sign FxPlug.framework */,
				000000000000000000000806 /* Copy and Code Sign PluginManager.framework */,
			);
			buildRules = (
			);
			dependencies = (
			);
			name = "StabilizerFxPlug XPC Service";
			productName = "StabilizerFxPlug XPC Service";
			productReference = 000000000000000000000301 /* StabilizerFxPlug XPC Service.pluginkit */;
			productType = "com.apple.product-type.bundle";
		};
/* End PBXNativeTarget section */

/* Begin PBXProject section */
		000000000000000000000001 /* Project object */ = {
			isa = PBXProject;
			attributes = {
				BuildIndependentTargetsInParallel = 1;
				LastSwiftUpdateCheck = 2650;
				LastUpgradeCheck = 2650;
				TargetAttributes = {
					000000000000000000000011 = {
						CreatedOnToolsVersion = 26.5;
					};
					000000000000000000000012 = {
						CreatedOnToolsVersion = 26.5;
					};
				};
			};
			buildConfigurationList = 000000000000000000000900 /* Build configuration list for PBXProject "StabilizerFxPlug" */;
			compatibilityVersion = "Xcode 14.0";
			developmentRegion = en;
			hasScannedForEncodings = 0;
			knownRegions = (
				en,
				Base,
			);
			mainGroup = 000000000000000000000700;
			productRefGroup = 000000000000000000000704 /* Products */;
			projectDirPath = "";
			projectRoot = "";
			targets = (
				000000000000000000000011 /* StabilizerFxPlug */,
				000000000000000000000012 /* StabilizerFxPlug XPC Service */,
			);
		};
/* End PBXProject section */

/* Begin PBXResourcesBuildPhase section */
		000000000000000000000802 /* Resources */ = {
			isa = PBXResourcesBuildPhase;
			buildActionMask = 2147483647;
			files = (
				000000000000000000000102 /* Base.lproj/MainMenu.xib in Resources */,
				000000000000000000000103 /* en.lproj/Credits.rtf in Resources */,
				000000000000000000000104 /* en.lproj/InfoPlist.strings in Resources */,
			);
			runOnlyForDeploymentPostprocessing = 0;
		};
		000000000000000000000804 /* Resources */ = {
			isa = PBXResourcesBuildPhase;
			buildActionMask = 2147483647;
			files = (
				000000000000000000000115 /* en.lproj/Localizable.strings in Resources */,
				000000000000000000000116 /* en.lproj/InfoPlist.strings in Resources */,
			);
			runOnlyForDeploymentPostprocessing = 0;
		};
/* End PBXResourcesBuildPhase section */

/* Begin PBXShellScriptBuildPhase section */
		000000000000000000000805 /* Copy and Code Sign FxPlug.framework */ = {
			isa = PBXShellScriptBuildPhase;
			alwaysOutOfDate = 1;
			buildActionMask = 2147483647;
			files = (
			);
			inputPaths = (
			);
			name = "Copy and Code Sign FxPlug.framework";
			outputPaths = (
			);
			runOnlyForDeploymentPostprocessing = 0;
			shellPath = /bin/sh;
			shellScript = "mkdir -p \"${TARGET_BUILD_DIR}/${FRAMEWORKS_FOLDER_PATH}\"\nrsync --archive --links --whole-file --no-owner --no-group --checksum --exclude='Headers' \"/Library/Developer/Frameworks/FxPlug.framework/\" \"${TARGET_BUILD_DIR}/${FRAMEWORKS_FOLDER_PATH}/FxPlug.framework/\"\nif [ \"$?\" -ne 0 ]; then echo \"error: rsync failed; couldn't embed FxPlug.framework\"; exit 1; fi\nSIGNING_IDENTITY=\"${EXPANDED_CODE_SIGN_IDENTITY:-${CODE_SIGN_IDENTITY}}\"\ncodesign --force --timestamp=none --sign \"${SIGNING_IDENTITY}\" \"${TARGET_BUILD_DIR}/${FRAMEWORKS_FOLDER_PATH}/FxPlug.framework\"\n";
			showEnvVarsInLog = 0;
		};
		000000000000000000000806 /* Copy and Code Sign PluginManager.framework */ = {
			isa = PBXShellScriptBuildPhase;
			alwaysOutOfDate = 1;
			buildActionMask = 2147483647;
			files = (
			);
			inputPaths = (
			);
			name = "Copy and Code Sign PluginManager.framework";
			outputPaths = (
			);
			runOnlyForDeploymentPostprocessing = 0;
			shellPath = /bin/sh;
			shellScript = "mkdir -p \"${TARGET_BUILD_DIR}/${FRAMEWORKS_FOLDER_PATH}\"\nrsync --archive --links --whole-file --no-owner --no-group --checksum --exclude='Headers' \"/Library/Developer/Frameworks/PluginManager.framework/\" \"${TARGET_BUILD_DIR}/${FRAMEWORKS_FOLDER_PATH}/PluginManager.framework/\"\nif [ \"$?\" -ne 0 ]; then echo \"error: rsync failed; couldn't embed PluginManager.framework\"; exit 1; fi\nSIGNING_IDENTITY=\"${EXPANDED_CODE_SIGN_IDENTITY:-${CODE_SIGN_IDENTITY}}\"\ncodesign --force --timestamp=none --sign \"${SIGNING_IDENTITY}\" \"${TARGET_BUILD_DIR}/${FRAMEWORKS_FOLDER_PATH}/PluginManager.framework\"\n";
			showEnvVarsInLog = 0;
		};
/* End PBXShellScriptBuildPhase section */

/* Begin PBXSourcesBuildPhase section */
		000000000000000000000801 /* Sources */ = {
			isa = PBXSourcesBuildPhase;
			buildActionMask = 2147483647;
			files = (
				000000000000000000000101 /* AppDelegate.swift in Sources */,
			);
			runOnlyForDeploymentPostprocessing = 0;
		};
		000000000000000000000803 /* Sources */ = {
			isa = PBXSourcesBuildPhase;
			buildActionMask = 2147483647;
			files = (
				000000000000000000000111 /* StabilizerFxPlug.swift in Sources */,
				00000000000000000000011C /* AutoStabilizationEstimator.swift in Sources */,
				000000000000000000000112 /* MetalDeviceCache.swift in Sources */,
				000000000000000000000113 /* main.swift in Sources */,
				000000000000000000000114 /* StabilizerTransform.metal in Sources */,
			);
			runOnlyForDeploymentPostprocessing = 0;
		};
/* End PBXSourcesBuildPhase section */

/* Begin PBXTargetDependency section */
		000000000000000000000402 /* PBXTargetDependency */ = {
			isa = PBXTargetDependency;
			target = 000000000000000000000012 /* StabilizerFxPlug XPC Service */;
			targetProxy = 000000000000000000000401 /* PBXContainerItemProxy */;
		};
/* End PBXTargetDependency section */

/* Begin XCBuildConfiguration section */
		000000000000000000000A00 /* Debug */ = {
			isa = XCBuildConfiguration;
			buildSettings = {
				ADDITIONAL_SDKS = /Library/Developer/SDKs/FxPlug.sdk;
				CLANG_ENABLE_MODULES = YES;
				DEVELOPMENT_LANGUAGE = en;
				ENABLE_USER_SCRIPT_SANDBOXING = NO;
				FRAMEWORK_SEARCH_PATHS = (
					/Library/Developer/SDKs/FxPlug.sdk/Library/Frameworks,
					/Library/Developer/Frameworks,
					"$(inherited)",
				);
				GCC_ENABLE_OBJC_EXCEPTIONS = YES;
				MACOSX_DEPLOYMENT_TARGET = 14.0;
				SDKROOT = macosx;
				SWIFT_VERSION = 5.0;
			};
			name = Debug;
		};
		000000000000000000000A01 /* Release */ = {
			isa = XCBuildConfiguration;
			buildSettings = {
				ADDITIONAL_SDKS = /Library/Developer/SDKs/FxPlug.sdk;
				CLANG_ENABLE_MODULES = YES;
				DEBUG_INFORMATION_FORMAT = "dwarf-with-dsym";
				DEVELOPMENT_LANGUAGE = en;
				ENABLE_USER_SCRIPT_SANDBOXING = NO;
				FRAMEWORK_SEARCH_PATHS = (
					/Library/Developer/SDKs/FxPlug.sdk/Library/Frameworks,
					/Library/Developer/Frameworks,
					"$(inherited)",
				);
				GCC_ENABLE_OBJC_EXCEPTIONS = YES;
				MACOSX_DEPLOYMENT_TARGET = 14.0;
				SDKROOT = macosx;
				SWIFT_VERSION = 5.0;
			};
			name = Release;
		};
		000000000000000000000A10 /* Debug */ = {
			isa = XCBuildConfiguration;
			buildSettings = {
				CODE_SIGN_ENTITLEMENTS = WrapperApp/SandboxEntitlements.entitlements;
				CODE_SIGN_IDENTITY = "Apple Development";
				"CODE_SIGN_IDENTITY[sdk=macosx*]" = "-";
				CODE_SIGN_STYLE = Manual;
				DEVELOPMENT_TEAM = "";
				ENABLE_HARDENED_RUNTIME = NO;
				INFOPLIST_FILE = WrapperApp/Info.plist;
				PRODUCT_BUNDLE_IDENTIFIER = com.justadev.StabilizerFxPlug;
				PRODUCT_MODULE_NAME = StabilizerFxPlug;
				PRODUCT_NAME = StabilizerFxPlug;
				PROVISIONING_PROFILE_SPECIFIER = "";
				SWIFT_OBJC_BRIDGING_HEADER = "WrapperApp/Wrapper Application-Bridging-Header.h";
			};
			name = Debug;
		};
		000000000000000000000A11 /* Release */ = {
			isa = XCBuildConfiguration;
			buildSettings = {
				CODE_SIGN_ENTITLEMENTS = WrapperApp/SandboxEntitlements.entitlements;
				CODE_SIGN_IDENTITY = "Apple Development";
				"CODE_SIGN_IDENTITY[sdk=macosx*]" = "-";
				CODE_SIGN_STYLE = Manual;
				DEVELOPMENT_TEAM = "";
				ENABLE_HARDENED_RUNTIME = NO;
				INFOPLIST_FILE = WrapperApp/Info.plist;
				PRODUCT_BUNDLE_IDENTIFIER = com.justadev.StabilizerFxPlug;
				PRODUCT_MODULE_NAME = StabilizerFxPlug;
				PRODUCT_NAME = StabilizerFxPlug;
				PROVISIONING_PROFILE_SPECIFIER = "";
				SWIFT_OBJC_BRIDGING_HEADER = "WrapperApp/Wrapper Application-Bridging-Header.h";
			};
			name = Release;
		};
		000000000000000000000A20 /* Debug */ = {
			isa = XCBuildConfiguration;
			buildSettings = {
				CODE_SIGN_ENTITLEMENTS = WrapperApp/SandboxEntitlements.entitlements;
				CODE_SIGN_IDENTITY = "Apple Development";
				"CODE_SIGN_IDENTITY[sdk=macosx*]" = "-";
				CODE_SIGN_STYLE = Manual;
				DEVELOPMENT_TEAM = "";
				HEADER_SEARCH_PATHS = Plugin;
				INFOPLIST_FILE = Plugin/Info.plist;
				LD_RUNPATH_SEARCH_PATHS = (
					"$(inherited)",
					"@loader_path/../Frameworks",
				);
				MACH_O_TYPE = mh_execute;
				PRODUCT_BUNDLE_IDENTIFIER = com.justadev.StabilizerFxPlug.Plugin;
				PRODUCT_MODULE_NAME = StabilizerFxPlugPlugin;
				PRODUCT_NAME = "StabilizerFxPlug XPC Service";
				PROVISIONING_PROFILE_SPECIFIER = "";
				SWIFT_OBJC_BRIDGING_HEADER = "Plugin/XPC Service-Bridging-Header.h";
				WRAPPER_EXTENSION = pluginkit;
			};
			name = Debug;
		};
		000000000000000000000A21 /* Release */ = {
			isa = XCBuildConfiguration;
			buildSettings = {
				CODE_SIGN_ENTITLEMENTS = WrapperApp/SandboxEntitlements.entitlements;
				CODE_SIGN_IDENTITY = "Apple Development";
				"CODE_SIGN_IDENTITY[sdk=macosx*]" = "-";
				CODE_SIGN_STYLE = Manual;
				DEVELOPMENT_TEAM = "";
				HEADER_SEARCH_PATHS = Plugin;
				INFOPLIST_FILE = Plugin/Info.plist;
				LD_RUNPATH_SEARCH_PATHS = (
					"$(inherited)",
					"@loader_path/../Frameworks",
				);
				MACH_O_TYPE = mh_execute;
				PRODUCT_BUNDLE_IDENTIFIER = com.justadev.StabilizerFxPlug.Plugin;
				PRODUCT_MODULE_NAME = StabilizerFxPlugPlugin;
				PRODUCT_NAME = "StabilizerFxPlug XPC Service";
				PROVISIONING_PROFILE_SPECIFIER = "";
				SWIFT_OBJC_BRIDGING_HEADER = "Plugin/XPC Service-Bridging-Header.h";
				WRAPPER_EXTENSION = pluginkit;
			};
			name = Release;
		};
/* End XCBuildConfiguration section */

/* Begin XCConfigurationList section */
		000000000000000000000900 /* Build configuration list for PBXProject "StabilizerFxPlug" */ = {
			isa = XCConfigurationList;
			buildConfigurations = (
				000000000000000000000A00 /* Debug */,
				000000000000000000000A01 /* Release */,
			);
			defaultConfigurationIsVisible = 0;
			defaultConfigurationName = Debug;
		};
		000000000000000000000901 /* Build configuration list for PBXNativeTarget "StabilizerFxPlug" */ = {
			isa = XCConfigurationList;
			buildConfigurations = (
				000000000000000000000A10 /* Debug */,
				000000000000000000000A11 /* Release */,
			);
			defaultConfigurationIsVisible = 0;
			defaultConfigurationName = Debug;
		};
		000000000000000000000902 /* Build configuration list for PBXNativeTarget "StabilizerFxPlug XPC Service" */ = {
			isa = XCConfigurationList;
			buildConfigurations = (
				000000000000000000000A20 /* Debug */,
				000000000000000000000A21 /* Release */,
			);
			defaultConfigurationIsVisible = 0;
			defaultConfigurationName = Debug;
		};
/* End XCConfigurationList section */
	};
	rootObject = 000000000000000000000001 /* Project object */;
}
